
Microsoft Visual Studio Solution File, Format Version 12.00
# Visual Studio 15
VisualStudioVersion = 15.0.28307.1082
MinimumVisualStudioVersion = 10.0.40219.1
Project("{9A19103F-16F7-4668-BE54-9A1E7A4F7556}") = "WebApplication1", "WebApplication1\WebApplication1.csproj", "{9B6348B0-6FCB-4FAC-8D33-0BBADA60C02E}"
EndProject
Global
	GlobalSection(SolutionConfigurationPlatforms) = preSolution
		Debug|Any CPU = Debug|Any CPU
		Release|Any CPU = Release|Any CPU
	EndGlobalSection
	GlobalSection(ProjectConfigurationPlatforms) = postSolution
		{9B6348B0-6FCB-4FAC-8D33-0BBADA60C02E}.Debug|Any CPU.ActiveCfg = Debug|Any CPU
		{9B6348B0-6FCB-4FAC-8D33-0BBADA60C02E}.Debug|Any CPU.Build.0 = Debug|Any CPU
		{9B6348B0-6FCB-4FAC-8D33-0BBADA60C02E}.Release|Any CPU.ActiveCfg = Release|Any CPU
		{9B6348B0-6FCB-4FAC-8D33-0BBADA60C02E}.Release|Any CPU.Build.0 = Release|Any CPU
	EndGlobalSection
	GlobalSection(SolutionProperties) = preSolution
		HideSolutionNode = FALSE
	EndGlobalSection
	GlobalSection(ExtensibilityGlobals) = postSolution
		SolutionGuid = {F92CCB1E-6A74-4CF6-94EB-5F36C9AFE760}
	EndGlobalSection
EndGlobal
